{
  "requires": true,
  "lockfileVersion": 1,
  "dependencies": {
    "@chakra-ui/button": {
      "version": "1.4.1",
      "resolved": "https://registry.npmjs.org/@chakra-ui/button/-/button-1.4.1.tgz",
      "integrity": "sha512-KnxG0buRMdM5KM1p00UozZ9KmZ22RKWUHvJrqtfi2Qxcj6FaEgS3nTXInLRpMIQ5xc83O07mio+pZ1j4zoRrbw==",
      "requires": {
        "@chakra-ui/react-utils": "1.1.2",
        "@chakra-ui/spinner": "1.1.11",
        "@chakra-ui/utils": "1.8.1"
      }
    },
    "@chakra-ui/color-mode": {
      "version": "1.1.10",
      "resolved": "https://registry.npmjs.org/@chakra-ui/color-mode/-/color-mode-1.1.10.tgz",
      "integrity": "sha512-fMI4yeaWjlDwM9gsGpD4G23j/7aVL7UQcZmPnyTsyPXWM7Y51CO7VF8Nr7WCeq2l0axjhVqMs+HveL4biM+kGw==",
      "requires": {
        "@chakra-ui/hooks": "1.5.4",
        "@chakra-ui/utils": "1.8.1"
      }
    },
    "@chakra-ui/hooks": {
      "version": "1.5.4",
      "resolved": "https://registry.npmjs.org/@chakra-ui/hooks/-/hooks-1.5.4.tgz",
      "integrity": "sha512-xAFj2Feu+ZWD1oxbQQ2UHDI7zbx/zZXjlS6ogdpXZoMrGYJhbdbV0JNGx4eK1Q1AEChNLdnZQIq8An1gYKgE8g==",
      "requires": {
        "@chakra-ui/react-utils": "1.1.2",
        "@chakra-ui/utils": "1.8.1",
        "compute-scroll-into-view": "1.0.14",
        "copy-to-clipboard": "3.3.1"
      }
    },
    "@chakra-ui/react-utils": {
      "version": "1.1.2",
      "resolved": "https://registry.npmjs.org/@chakra-ui/react-utils/-/react-utils-1.1.2.tgz",
      "integrity": "sha512-S8jPVKGZH2qF7ZGxl/0DF/dXXI2AxDNGf4Ahi2LGHqajMvqBB7vtYIRRmIA7+jAnErhzO8WUi3i4Z7oScp6xSA==",
      "requires": {
        "@chakra-ui/utils": "^1.7.0"
      }
    },
    "@chakra-ui/spinner": {
      "version": "1.1.11",
      "resolved": "https://registry.npmjs.org/@chakra-ui/spinner/-/spinner-1.1.11.tgz",
      "integrity": "sha512-gkh44jZ8msfHQgswVvflbWz/6Egv5FeSu6a7BJWX/XQJw9IxPy0B75xy0d06LgQCOFk17x2xhB+mwZI6i55T8Q==",
      "requires": {
        "@chakra-ui/utils": "1.8.1",
        "@chakra-ui/visually-hidden": "1.0.13"
      }
    },
    "@chakra-ui/utils": {
      "version": "1.8.1",
      "resolved": "https://registry.npmjs.org/@chakra-ui/utils/-/utils-1.8.1.tgz",
      "integrity": "sha512-v0xL9U2ozDbHCl2kQTdJNOjUGT7ZjyFwEYuMW02ZaLkmLPj2w3G592iOsJ9Z9sBemQgoOrZGyTWqdxm6rhxJug==",
      "requires": {
        "@types/lodash.mergewith": "4.6.6",
        "css-box-model": "1.2.1",
        "framesync": "5.3.0",
        "lodash.mergewith": "4.6.2"
      }
    },
    "@chakra-ui/visually-hidden": {
      "version": "1.0.13",
      "resolved": "https://registry.npmjs.org/@chakra-ui/visually-hidden/-/visually-hidden-1.0.13.tgz",
      "integrity": "sha512-wFFXdejxwOT7r7AbD/IFl6Ve+n6VIOl2Drjcrn3JXmfwzL9NKB3xrtcdMXe8G/zW9jRXh+E6DUkTyEUjdUZErg==",
      "requires": {
        "@chakra-ui/utils": "1.8.1"
      }
    },
    "@types/lodash": {
      "version": "4.14.171",
      "resolved": "https://registry.npmjs.org/@types/lodash/-/lodash-4.14.171.tgz",
      "integrity": "sha512-7eQ2xYLLI/LsicL2nejW9Wyko3lcpN6O/z0ZLHrEQsg280zIdCv1t/0m6UtBjUHokCGBQ3gYTbHzDkZ1xOBwwg=="
    },
    "@types/lodash.mergewith": {
      "version": "4.6.6",
      "resolved": "https://registry.npmjs.org/@types/lodash.mergewith/-/lodash.mergewith-4.6.6.tgz",
      "integrity": "sha512-RY/8IaVENjG19rxTZu9Nukqh0W2UrYgmBj5sdns4hWRZaV8PqR7wIKHFKzvOTjo4zVRV7sVI+yFhAJql12Kfqg==",
      "requires": {
        "@types/lodash": "*"
      }
    },
    "compute-scroll-into-view": {
      "version": "1.0.14",
      "resolved": "https://registry.npmjs.org/compute-scroll-into-view/-/compute-scroll-into-view-1.0.14.tgz",
      "integrity": "sha512-mKDjINe3tc6hGelUMNDzuhorIUZ7kS7BwyY0r2wQd2HOH2tRuJykiC06iSEX8y1TuhNzvz4GcJnK16mM2J1NMQ=="
    },
    "copy-to-clipboard": {
      "version": "3.3.1",
      "resolved": "https://registry.npmjs.org/copy-to-clipboard/-/copy-to-clipboard-3.3.1.tgz",
      "integrity": "sha512-i13qo6kIHTTpCm8/Wup+0b1mVWETvu2kIMzKoK8FpkLkFxlt0znUAHcMzox+T8sPlqtZXq3CulEjQHsYiGFJUw==",
      "requires": {
        "toggle-selection": "^1.0.6"
      }
    },
    "css-box-model": {
      "version": "1.2.1",
      "resolved": "https://registry.npmjs.org/css-box-model/-/css-box-model-1.2.1.tgz",
      "integrity": "sha512-a7Vr4Q/kd/aw96bnJG332W9V9LkJO69JRcaCYDUqjp6/z0w6VcZjgAcTbgFxEPfBgdnAwlh3iwu+hLopa+flJw==",
      "requires": {
        "tiny-invariant": "^1.0.6"
      }
    },
    "framesync": {
      "version": "5.3.0",
      "resolved": "https://registry.npmjs.org/framesync/-/framesync-5.3.0.tgz",
      "integrity": "sha512-oc5m68HDO/tuK2blj7ZcdEBRx3p1PjrgHazL8GYEpvULhrtGIFbQArN6cQS2QhW8mitffaB+VYzMjDqBxxQeoA==",
      "requires": {
        "tslib": "^2.1.0"
      }
    },
    "lodash.mergewith": {
      "version": "4.6.2",
      "resolved": "https://registry.npmjs.org/lodash.mergewith/-/lodash.mergewith-4.6.2.tgz",
      "integrity": "sha512-GK3g5RPZWTRSeLSpgP8Xhra+pnjBC56q9FZYe1d5RN3TJ35dbkGy3YqBSMbyCrlbi+CM9Z3Jk5yTL7RCsqboyQ=="
    },
    "tiny-invariant": {
      "version": "1.1.0",
      "resolved": "https://registry.npmjs.org/tiny-invariant/-/tiny-invariant-1.1.0.tgz",
      "integrity": "sha512-ytxQvrb1cPc9WBEI/HSeYYoGD0kWnGEOR8RY6KomWLBVhqz0RgTwVO9dLrGz7dC+nN9llyI7OKAgRq8Vq4ZBSw=="
    },
    "toggle-selection": {
      "version": "1.0.6",
      "resolved": "https://registry.npmjs.org/toggle-selection/-/toggle-selection-1.0.6.tgz",
      "integrity": "sha1-bkWxJj8gF/oKzH2J14sVuL932jI="
    },
    "tslib": {
      "version": "2.3.0",
      "resolved": "https://registry.npmjs.org/tslib/-/tslib-2.3.0.tgz",
      "integrity": "sha512-N82ooyxVNm6h1riLCoyS9e3fuJ3AMG2zIZs2Gd1ATcSFjSA23Q0fzjjZeh0jbJvWVDZ0cJT8yaNNaaXHzueNjg=="
    }
  }
}
